
Microsoft Visual Studio Solution File, Format Version 12.00
# Visual Studio Version 17
VisualStudioVersion = 17.9.34723.18
MinimumVisualStudioVersion = 10.0.40219.1
Project("{FAE04EC0-301F-11D3-BF4B-00C04F79EFBC}") = "HELLOWORLD", "HELLOWORLD\HELLOWORLD.csproj", "{623607FB-F574-46B1-A36C-DC13D6617BB1}"
EndProject
Global
	GlobalSection(SolutionConfigurationPlatforms) = preSolution
		Debug|Any CPU = Debug|Any CPU
		Release|Any CPU = Release|Any CPU
	EndGlobalSection
	GlobalSection(ProjectConfigurationPlatforms) = postSolution
		{623607FB-F574-46B1-A36C-DC13D6617BB1}.Debug|Any CPU.ActiveCfg = Debug|Any CPU
		{623607FB-F574-46B1-A36C-DC13D6617BB1}.Debug|Any CPU.Build.0 = Debug|Any CPU
		{623607FB-F574-46B1-A36C-DC13D6617BB1}.Release|Any CPU.ActiveCfg = Release|Any CPU
		{623607FB-F574-46B1-A36C-DC13D6617BB1}.Release|Any CPU.Build.0 = Release|Any CPU
	EndGlobalSection
	GlobalSection(SolutionProperties) = preSolution
		HideSolutionNode = FALSE
	EndGlobalSection
	GlobalSection(ExtensibilityGlobals) = postSolution
		SolutionGuid = {7480596A-4630-4B2D-9FFA-66F9DBCB61BF}
	EndGlobalSection
EndGlobal
