
Microsoft Visual Studio Solution File, Format Version 12.00
# Visual Studio Version 17
VisualStudioVersion = 17.9.34723.18
MinimumVisualStudioVersion = 10.0.40219.1
Project("{FAE04EC0-301F-11D3-BF4B-00C04F79EFBC}") = "p3-ProDiskon_berdasarkanTotalBelanja", "p3-ProDiskon_berdasarkanTotalBelanja\p3-ProDiskon_berdasarkanTotalBelanja.csproj", "{A8D17EEA-6EA7-4F39-AEA9-6AB3EB3246E0}"
EndProject
Global
	GlobalSection(SolutionConfigurationPlatforms) = preSolution
		Debug|Any CPU = Debug|Any CPU
		Release|Any CPU = Release|Any CPU
	EndGlobalSection
	GlobalSection(ProjectConfigurationPlatforms) = postSolution
		{A8D17EEA-6EA7-4F39-AEA9-6AB3EB3246E0}.Debug|Any CPU.ActiveCfg = Debug|Any CPU
		{A8D17EEA-6EA7-4F39-AEA9-6AB3EB3246E0}.Debug|Any CPU.Build.0 = Debug|Any CPU
		{A8D17EEA-6EA7-4F39-AEA9-6AB3EB3246E0}.Release|Any CPU.ActiveCfg = Release|Any CPU
		{A8D17EEA-6EA7-4F39-AEA9-6AB3EB3246E0}.Release|Any CPU.Build.0 = Release|Any CPU
	EndGlobalSection
	GlobalSection(SolutionProperties) = preSolution
		HideSolutionNode = FALSE
	EndGlobalSection
	GlobalSection(ExtensibilityGlobals) = postSolution
		SolutionGuid = {5B95B18D-A0D3-408F-95E3-D16170CDE11C}
	EndGlobalSection
EndGlobal
